{
	"name": "@vscode/sync-api-service",
	"version": "0.7.1",
	"lockfileVersion": 2,
	"requires": true,
	"packages": {
		"": {
			"name": "@vscode/sync-api-service",
			"version": "0.7.1",
			"license": "MIT",
			"dependencies": {
				"@vscode/sync-api-common": "0.7.1",
				"vscode-uri": "3.0.3"
			},
			"devDependencies": {
				"@types/vscode": "1.71.0"
			},
			"engines": {
				"node": ">=16.15.1",
				"vscode": "^1.67.0"
			}
		},
		"node_modules/@types/vscode": {
			"version": "1.71.0",
			"resolved": "https://registry.npmjs.org/@types/vscode/-/vscode-1.71.0.tgz",
			"integrity": "sha512-nB50bBC9H/x2CpwW9FzRRRDrTZ7G0/POttJojvN/LiVfzTGfLyQIje1L1QRMdFXK9G41k5UJN/1B9S4of7CSzA==",
			"dev": true
		},
		"node_modules/@vscode/sync-api-common": {
			"version": "0.7.1",
			"resolved": "https://registry.npmjs.org/@vscode/sync-api-common/-/sync-api-common-0.7.1.tgz",
			"integrity": "sha512-Td26BrWTu19dHmf9gH7Gmt4OCMi+G+m2tfmPPevfsz4usQdcF98I80CBlkRyXuUJxWVOPqnt25qDfcJzN28hdA==",
			"engines": {
				"node": ">=16.15.1"
			}
		},
		"node_modules/vscode-uri": {
			"version": "3.0.3",
			"resolved": "https://registry.npmjs.org/vscode-uri/-/vscode-uri-3.0.3.tgz",
			"integrity": "sha512-EcswR2S8bpR7fD0YPeS7r2xXExrScVMxg4MedACaWHEtx9ftCF/qHG1xGkolzTPcEmjTavCQgbVzHUIdTMzFGA=="
		}
	},
	"dependencies": {
		"@types/vscode": {
			"version": "1.71.0",
			"resolved": "https://registry.npmjs.org/@types/vscode/-/vscode-1.71.0.tgz",
			"integrity": "sha512-nB50bBC9H/x2CpwW9FzRRRDrTZ7G0/POttJojvN/LiVfzTGfLyQIje1L1QRMdFXK9G41k5UJN/1B9S4of7CSzA==",
			"dev": true
		},
		"@vscode/sync-api-common": {
			"version": "0.7.1",
			"resolved": "https://registry.npmjs.org/@vscode/sync-api-common/-/sync-api-common-0.7.1.tgz",
			"integrity": "sha512-Td26BrWTu19dHmf9gH7Gmt4OCMi+G+m2tfmPPevfsz4usQdcF98I80CBlkRyXuUJxWVOPqnt25qDfcJzN28hdA=="
		},
		"vscode-uri": {
			"version": "3.0.3",
			"resolved": "https://registry.npmjs.org/vscode-uri/-/vscode-uri-3.0.3.tgz",
			"integrity": "sha512-EcswR2S8bpR7fD0YPeS7r2xXExrScVMxg4MedACaWHEtx9ftCF/qHG1xGkolzTPcEmjTavCQgbVzHUIdTMzFGA=="
		}
	}
}
