{
	"name": "@vscode/sync-api-service",
	"version": "0.9.0",
	"lockfileVersion": 2,
	"requires": true,
	"packages": {
		"": {
			"name": "@vscode/sync-api-service",
			"version": "0.9.0",
			"license": "MIT",
			"dependencies": {
				"@vscode/sync-api-common": "0.9.0",
				"vscode-uri": "^3.1.0"
			},
			"devDependencies": {
				"@types/vscode": "1.71.0"
			},
			"engines": {
				"node": ">=16.14.2",
				"vscode": "^1.71.0"
			}
		},
		"node_modules/@types/vscode": {
			"version": "1.71.0",
			"resolved": "https://registry.npmjs.org/@types/vscode/-/vscode-1.71.0.tgz",
			"integrity": "sha512-nB50bBC9H/x2CpwW9FzRRRDrTZ7G0/POttJojvN/LiVfzTGfLyQIje1L1QRMdFXK9G41k5UJN/1B9S4of7CSzA==",
			"dev": true
		},
		"node_modules/@vscode/sync-api-common": {
			"version": "0.9.0",
			"resolved": "https://registry.npmjs.org/@vscode/sync-api-common/-/sync-api-common-0.9.0.tgz",
			"integrity": "sha512-8UeaBbC+dNwtBgb+zkx+A3WP3VzDhBNeDwmm2sAjM0SnPMfOsFzjKoXpQ+m/shDJiWF23S7zhICm3I1PFvVlQA==",
			"engines": {
				"node": ">=16.14.2"
			}
		},
		"node_modules/vscode-uri": {
			"version": "3.1.0",
			"resolved": "https://registry.npmjs.org/vscode-uri/-/vscode-uri-3.1.0.tgz",
			"integrity": "sha512-/BpdSx+yCQGnCvecbyXdxHDkuk55/G3xwnC0GqY4gmQ3j+A+g8kzzgB4Nk/SINjqn6+waqw3EgbVF2QKExkRxQ==",
			"license": "MIT"
		}
	},
	"dependencies": {
		"@types/vscode": {
			"version": "1.71.0",
			"resolved": "https://registry.npmjs.org/@types/vscode/-/vscode-1.71.0.tgz",
			"integrity": "sha512-nB50bBC9H/x2CpwW9FzRRRDrTZ7G0/POttJojvN/LiVfzTGfLyQIje1L1QRMdFXK9G41k5UJN/1B9S4of7CSzA==",
			"dev": true
		},
		"@vscode/sync-api-common": {
			"version": "0.9.0",
			"resolved": "https://registry.npmjs.org/@vscode/sync-api-common/-/sync-api-common-0.9.0.tgz",
			"integrity": "sha512-8UeaBbC+dNwtBgb+zkx+A3WP3VzDhBNeDwmm2sAjM0SnPMfOsFzjKoXpQ+m/shDJiWF23S7zhICm3I1PFvVlQA=="
		},
		"vscode-uri": {
			"version": "3.1.0",
			"resolved": "https://registry.npmjs.org/vscode-uri/-/vscode-uri-3.1.0.tgz",
			"integrity": "sha512-/BpdSx+yCQGnCvecbyXdxHDkuk55/G3xwnC0GqY4gmQ3j+A+g8kzzgB4Nk/SINjqn6+waqw3EgbVF2QKExkRxQ=="
		}
	}
}
