{
	"name": "@vscode/sync-api-service",
	"version": "0.5.0",
	"lockfileVersion": 2,
	"requires": true,
	"packages": {
		"": {
			"name": "@vscode/sync-api-service",
			"version": "0.5.0",
			"license": "MIT",
			"dependencies": {
				"@vscode/sync-api-common": "0.3.0",
				"vscode-uri": "3.0.3"
			},
			"devDependencies": {
				"@types/vscode": "1.67.0"
			},
			"engines": {
				"node": ">=16.15.1",
				"vscode": "^1.67.0"
			}
		},
		"node_modules/@types/vscode": {
			"version": "1.67.0",
			"resolved": "https://registry.npmjs.org/@types/vscode/-/vscode-1.67.0.tgz",
			"integrity": "sha512-GH8BDf8cw9AC9080uneJfulhSa7KHSMI2s/CyKePXoGNos9J486w2V4YKoeNUqIEkW4hKoEAWp6/cXTwyGj47g==",
			"dev": true
		},
		"node_modules/@vscode/sync-api-common": {
			"version": "0.3.0",
			"resolved": "https://registry.npmjs.org/@vscode/sync-api-common/-/sync-api-common-0.3.0.tgz",
			"integrity": "sha512-3brcYBTxtQfD7PKpDrgR793J0LTzT247VvJ0ND2RE29Ryf6xJHAIM8+uGn1pv8p3s3t7WLNB5nty9bGEkH8xuQ==",
			"engines": {
				"node": ">=16.15.1"
			}
		},
		"node_modules/vscode-uri": {
			"version": "3.0.3",
			"resolved": "https://registry.npmjs.org/vscode-uri/-/vscode-uri-3.0.3.tgz",
			"integrity": "sha512-EcswR2S8bpR7fD0YPeS7r2xXExrScVMxg4MedACaWHEtx9ftCF/qHG1xGkolzTPcEmjTavCQgbVzHUIdTMzFGA=="
		}
	},
	"dependencies": {
		"@types/vscode": {
			"version": "1.67.0",
			"resolved": "https://registry.npmjs.org/@types/vscode/-/vscode-1.67.0.tgz",
			"integrity": "sha512-GH8BDf8cw9AC9080uneJfulhSa7KHSMI2s/CyKePXoGNos9J486w2V4YKoeNUqIEkW4hKoEAWp6/cXTwyGj47g==",
			"dev": true
		},
		"@vscode/sync-api-common": {
			"version": "0.3.0",
			"resolved": "https://registry.npmjs.org/@vscode/sync-api-common/-/sync-api-common-0.3.0.tgz",
			"integrity": "sha512-3brcYBTxtQfD7PKpDrgR793J0LTzT247VvJ0ND2RE29Ryf6xJHAIM8+uGn1pv8p3s3t7WLNB5nty9bGEkH8xuQ=="
		},
		"vscode-uri": {
			"version": "3.0.3",
			"resolved": "https://registry.npmjs.org/vscode-uri/-/vscode-uri-3.0.3.tgz",
			"integrity": "sha512-EcswR2S8bpR7fD0YPeS7r2xXExrScVMxg4MedACaWHEtx9ftCF/qHG1xGkolzTPcEmjTavCQgbVzHUIdTMzFGA=="
		}
	}
}
