{
	"name": "webshell",
	"version": "0.1.0",
	"lockfileVersion": 2,
	"requires": true,
	"packages": {
		"": {
			"name": "webshell",
			"version": "0.1.0",
			"license": "MIT",
			"dependencies": {
				"@vscode/wasm-wasi": "0.8.2"
			},
			"devDependencies": {
				"@types/vscode": "1.78.0"
			},
			"engines": {
				"vscode": "^1.78.0"
			}
		},
		"node_modules/@types/vscode": {
			"version": "1.78.0",
			"dev": true,
			"license": "MIT"
		},
		"node_modules/@vscode/sync-api-client": {
			"version": "0.8.1",
			"resolved": "https://registry.npmjs.org/@vscode/sync-api-client/-/sync-api-client-0.8.1.tgz",
			"integrity": "sha512-82NRZpZlvRtlFoqi/J8xGw964F8ZfJJeJu2D9QMAAzq8BMDCXqkhO2qHApnyEV4gG2mQSaHtfw0f30GOPExgUg==",
			"dependencies": {
				"@vscode/sync-api-common": "0.8.1",
				"vscode-uri": "^3.0.6"
			},
			"engines": {
				"node": ">=16.14.2"
			}
		},
		"node_modules/@vscode/sync-api-common": {
			"version": "0.8.1",
			"resolved": "https://registry.npmjs.org/@vscode/sync-api-common/-/sync-api-common-0.8.1.tgz",
			"integrity": "sha512-XfanQNxkUlCpAsQ2+1SzNEdoY7jtcu48jYBR0n864ZWAWrH7m2QBK32YoNlrDN2V0eh8tdF0WH1NuHOm3Y021A==",
			"engines": {
				"node": ">=16.14.2"
			}
		},
		"node_modules/@vscode/wasm-wasi": {
			"version": "0.8.2",
			"resolved": "https://registry.npmjs.org/@vscode/wasm-wasi/-/wasm-wasi-0.8.2.tgz",
			"integrity": "sha512-TazXvphINUEoXVX2dEPdXhrwrQ9I6Z6t9LCDfALTmL43D/2Zmlc89KfNE/cO36n2uo+SDlPPP/6vWyF9TBbnnw==",
			"dependencies": {
				"@vscode/sync-api-client": "0.8.1",
				"vscode-uri": "^3.0.6"
			},
			"engines": {
				"vscode": "^1.71.0"
			}
		},
		"node_modules/vscode-uri": {
			"version": "3.0.7",
			"resolved": "https://registry.npmjs.org/vscode-uri/-/vscode-uri-3.0.7.tgz",
			"integrity": "sha512-eOpPHogvorZRobNqJGhapa0JdwaxpjVvyBp0QIUMRMSf8ZAlqOdEquKuRmw9Qwu0qXtJIWqFtMkmvJjUZmMjVA=="
		}
	},
	"dependencies": {
		"@types/vscode": {
			"version": "1.78.0",
			"dev": true
		},
		"@vscode/sync-api-client": {
			"version": "0.8.1",
			"resolved": "https://registry.npmjs.org/@vscode/sync-api-client/-/sync-api-client-0.8.1.tgz",
			"integrity": "sha512-82NRZpZlvRtlFoqi/J8xGw964F8ZfJJeJu2D9QMAAzq8BMDCXqkhO2qHApnyEV4gG2mQSaHtfw0f30GOPExgUg==",
			"requires": {
				"@vscode/sync-api-common": "0.8.1",
				"vscode-uri": "^3.0.6"
			}
		},
		"@vscode/sync-api-common": {
			"version": "0.8.1",
			"resolved": "https://registry.npmjs.org/@vscode/sync-api-common/-/sync-api-common-0.8.1.tgz",
			"integrity": "sha512-XfanQNxkUlCpAsQ2+1SzNEdoY7jtcu48jYBR0n864ZWAWrH7m2QBK32YoNlrDN2V0eh8tdF0WH1NuHOm3Y021A=="
		},
		"@vscode/wasm-wasi": {
			"version": "0.8.2",
			"resolved": "https://registry.npmjs.org/@vscode/wasm-wasi/-/wasm-wasi-0.8.2.tgz",
			"integrity": "sha512-TazXvphINUEoXVX2dEPdXhrwrQ9I6Z6t9LCDfALTmL43D/2Zmlc89KfNE/cO36n2uo+SDlPPP/6vWyF9TBbnnw==",
			"requires": {
				"@vscode/sync-api-client": "0.8.1",
				"vscode-uri": "^3.0.6"
			}
		},
		"vscode-uri": {
			"version": "3.0.7",
			"resolved": "https://registry.npmjs.org/vscode-uri/-/vscode-uri-3.0.7.tgz",
			"integrity": "sha512-eOpPHogvorZRobNqJGhapa0JdwaxpjVvyBp0QIUMRMSf8ZAlqOdEquKuRmw9Qwu0qXtJIWqFtMkmvJjUZmMjVA=="
		}
	}
}
