{
	"name": "testbed-component-model-async",
	"version": "0.0.1",
	"lockfileVersion": 3,
	"requires": true,
	"packages": {
		"": {
			"name": "testbed-component-model-async",
			"version": "0.0.1",
			"license": "MIT",
			"devDependencies": {
				"@types/vscode": "1.87.0"
			},
			"engines": {
				"vscode": "^1.87.0"
			}
		},
		"../../wasm-component-model": {
			"name": "@vscode/wasm-component-model",
			"version": "0.1.0-pre.1",
			"extraneous": true,
			"license": "MIT",
			"dependencies": {
				"yargs": "^17.7.2"
			},
			"bin": {
				"wit2ts": "bin/wit2ts"
			},
			"devDependencies": {
				"@types/yargs": "^17.0.31"
			},
			"engines": {
				"node": ">=18.17.1"
			}
		},
		"node_modules/@types/vscode": {
			"version": "1.87.0",
			"resolved": "https://registry.npmjs.org/@types/vscode/-/vscode-1.87.0.tgz",
			"integrity": "sha512-y3yYJV2esWr8LNjp3VNbSMWG7Y43jC8pCldG8YwiHGAQbsymkkMMt0aDT1xZIOFM2eFcNiUc+dJMx1+Z0UT8fg==",
			"dev": true
		}
	}
}
