{
	"name": "@vscode/sync-api-client",
	"version": "0.2.0",
	"lockfileVersion": 2,
	"requires": true,
	"packages": {
		"": {
			"name": "@vscode/sync-api-client",
			"version": "0.2.0",
			"license": "MIT",
			"dependencies": {
				"@vscode/sync-api-common": "0.2.0",
				"vscode-uri": "3.0.3"
			},
			"devDependencies": {},
			"engines": {
				"node": ">=16.15.1"
			}
		},
		"node_modules/@vscode/sync-api-common": {
			"version": "0.2.0",
			"resolved": "https://registry.npmjs.org/@vscode/sync-api-common/-/sync-api-common-0.2.0.tgz",
			"integrity": "sha512-LDR61SuAla4+KuM17wF/6fcRbxK5k15H244nF+r719joMTXLRtow7wXZP8OvbDIiw9H7xVAACFqE3XOAMExaUg==",
			"engines": {
				"node": ">=16.15.1"
			}
		},
		"node_modules/vscode-uri": {
			"version": "3.0.3",
			"resolved": "https://registry.npmjs.org/vscode-uri/-/vscode-uri-3.0.3.tgz",
			"integrity": "sha512-EcswR2S8bpR7fD0YPeS7r2xXExrScVMxg4MedACaWHEtx9ftCF/qHG1xGkolzTPcEmjTavCQgbVzHUIdTMzFGA=="
		}
	},
	"dependencies": {
		"@vscode/sync-api-common": {
			"version": "0.2.0",
			"resolved": "https://registry.npmjs.org/@vscode/sync-api-common/-/sync-api-common-0.2.0.tgz",
			"integrity": "sha512-LDR61SuAla4+KuM17wF/6fcRbxK5k15H244nF+r719joMTXLRtow7wXZP8OvbDIiw9H7xVAACFqE3XOAMExaUg=="
		},
		"vscode-uri": {
			"version": "3.0.3",
			"resolved": "https://registry.npmjs.org/vscode-uri/-/vscode-uri-3.0.3.tgz",
			"integrity": "sha512-EcswR2S8bpR7fD0YPeS7r2xXExrScVMxg4MedACaWHEtx9ftCF/qHG1xGkolzTPcEmjTavCQgbVzHUIdTMzFGA=="
		}
	}
}
