{
	"name": "@vscode/sync-api-client",
	"version": "0.0.1",
	"lockfileVersion": 2,
	"requires": true,
	"packages": {
		"": {
			"name": "@vscode/sync-api-client",
			"version": "0.0.1",
			"license": "MIT",
			"dependencies": {
				"vscode-uri": "3.0.3"
			},
			"devDependencies": {}
		},
		"node_modules/vscode-uri": {
			"version": "3.0.3",
			"resolved": "https://registry.npmjs.org/vscode-uri/-/vscode-uri-3.0.3.tgz",
			"integrity": "sha512-EcswR2S8bpR7fD0YPeS7r2xXExrScVMxg4MedACaWHEtx9ftCF/qHG1xGkolzTPcEmjTavCQgbVzHUIdTMzFGA=="
		}
	},
	"dependencies": {
		"vscode-uri": {
			"version": "3.0.3",
			"resolved": "https://registry.npmjs.org/vscode-uri/-/vscode-uri-3.0.3.tgz",
			"integrity": "sha512-EcswR2S8bpR7fD0YPeS7r2xXExrScVMxg4MedACaWHEtx9ftCF/qHG1xGkolzTPcEmjTavCQgbVzHUIdTMzFGA=="
		}
	}
}
