{
	"name": "@vscode/sync-api-client",
	"version": "0.8.1",
	"lockfileVersion": 2,
	"requires": true,
	"packages": {
		"": {
			"name": "@vscode/sync-api-client",
			"version": "0.8.1",
			"license": "MIT",
			"dependencies": {
				"@vscode/sync-api-common": "0.8.1",
				"vscode-uri": "^3.0.6"
			},
			"devDependencies": {},
			"engines": {
				"node": ">=16.14.2"
			}
		},
		"node_modules/@vscode/sync-api-common": {
			"version": "0.8.1",
			"resolved": "https://registry.npmjs.org/@vscode/sync-api-common/-/sync-api-common-0.8.1.tgz",
			"integrity": "sha512-XfanQNxkUlCpAsQ2+1SzNEdoY7jtcu48jYBR0n864ZWAWrH7m2QBK32YoNlrDN2V0eh8tdF0WH1NuHOm3Y021A==",
			"engines": {
				"node": ">=16.14.2"
			}
		},
		"node_modules/vscode-uri": {
			"version": "3.0.6",
			"resolved": "https://registry.npmjs.org/vscode-uri/-/vscode-uri-3.0.6.tgz",
			"integrity": "sha512-fmL7V1eiDBFRRnu+gfRWTzyPpNIHJTc4mWnFkwBUmO9U3KPgJAmTx7oxi2bl/Rh6HLdU7+4C9wlj0k2E4AdKFQ=="
		}
	},
	"dependencies": {
		"@vscode/sync-api-common": {
			"version": "0.8.1",
			"resolved": "https://registry.npmjs.org/@vscode/sync-api-common/-/sync-api-common-0.8.1.tgz",
			"integrity": "sha512-XfanQNxkUlCpAsQ2+1SzNEdoY7jtcu48jYBR0n864ZWAWrH7m2QBK32YoNlrDN2V0eh8tdF0WH1NuHOm3Y021A=="
		},
		"vscode-uri": {
			"version": "3.0.6",
			"resolved": "https://registry.npmjs.org/vscode-uri/-/vscode-uri-3.0.6.tgz",
			"integrity": "sha512-fmL7V1eiDBFRRnu+gfRWTzyPpNIHJTc4mWnFkwBUmO9U3KPgJAmTx7oxi2bl/Rh6HLdU7+4C9wlj0k2E4AdKFQ=="
		}
	}
}
