{
	"name": "@vscode/wasi",
	"version": "0.1.0-pre.1",
	"lockfileVersion": 3,
	"requires": true,
	"packages": {
		"": {
			"name": "@vscode/wasi",
			"version": "0.1.0-pre.1",
			"license": "MIT",
			"devDependencies": {},
			"engines": {
				"node": ">=18.15.0",
				"vscode": "^1.78.0"
			}
		}
	}
}
