{
	"name": "@vscode/wasi",
	"version": "0.1.0-pre.1",
	"lockfileVersion": 3,
	"requires": true,
	"packages": {
		"": {
			"name": "@vscode/wasi",
			"version": "0.1.0-pre.1",
			"license": "MIT",
			"devDependencies": {},
			"engines": {
				"node": ">=18.15.0",
				"vscode": "^1.78.0"
			}
		},
		"../wasm-component-model": {
			"name": "@vscode/wasm-component-model",
			"version": "0.1.0-pre.1",
			"extraneous": true,
			"license": "MIT",
			"dependencies": {
				"yargs": "^17.7.2"
			},
			"bin": {
				"wit2ts": "bin/wit2ts"
			},
			"devDependencies": {
				"@types/yargs": "^17.0.24",
				"peggy": "^3.0.2"
			},
			"engines": {
				"node": ">=16.17.1",
				"vscode": "^1.78.0"
			}
		}
	}
}
