{
	"name": "testbed-debug_pdb",
	"version": "0.0.1",
	"lockfileVersion": 2,
	"requires": true,
	"packages": {
		"": {
			"name": "testbed-debug_pdb",
			"version": "0.0.1",
			"license": "MIT",
			"dependencies": {
				"@vscode/debugprotocol": "^1.57.0"
			},
			"engines": {
				"vscode": "^1.67.0"
			}
		},
		"node_modules/@vscode/debugprotocol": {
			"version": "1.57.0",
			"resolved": "https://registry.npmjs.org/@vscode/debugprotocol/-/debugprotocol-1.57.0.tgz",
			"integrity": "sha512-eww0WhAtj3lPX7+7tGkxQ3P7IRC3hS7+SVL7fmM8CAat2DMM+PVjg1FQbTCtMw6EwNSmT/qMx1iZCyzQguJJKA=="
		}
	},
	"dependencies": {
		"@vscode/debugprotocol": {
			"version": "1.57.0",
			"resolved": "https://registry.npmjs.org/@vscode/debugprotocol/-/debugprotocol-1.57.0.tgz",
			"integrity": "sha512-eww0WhAtj3lPX7+7tGkxQ3P7IRC3hS7+SVL7fmM8CAat2DMM+PVjg1FQbTCtMw6EwNSmT/qMx1iZCyzQguJJKA=="
		}
	}
}
