{
	"name": "@vscode/wasm-wasi",
	"version": "0.7.1",
	"lockfileVersion": 2,
	"requires": true,
	"packages": {
		"": {
			"name": "@vscode/wasm-wasi",
			"version": "0.7.1",
			"license": "MIT",
			"dependencies": {
				"@vscode/sync-api-client": "0.7.1",
				"vscode-uri": "3.0.3"
			},
			"devDependencies": {}
		},
		"node_modules/@vscode/sync-api-client": {
			"version": "0.7.1",
			"resolved": "https://registry.npmjs.org/@vscode/sync-api-client/-/sync-api-client-0.7.1.tgz",
			"integrity": "sha512-D0jUDA3N0EzYwwPErlQtpkM0kOWfJ0crA4i4xE/ygOrhVhbSn2RRFzFq8vh+xAk3lGDkGhVb7+EH1LAgJHp9aQ==",
			"dependencies": {
				"@vscode/sync-api-common": "0.7.1",
				"vscode-uri": "3.0.3"
			},
			"engines": {
				"node": ">=16.15.1"
			}
		},
		"node_modules/@vscode/sync-api-common": {
			"version": "0.7.1",
			"resolved": "https://registry.npmjs.org/@vscode/sync-api-common/-/sync-api-common-0.7.1.tgz",
			"integrity": "sha512-Td26BrWTu19dHmf9gH7Gmt4OCMi+G+m2tfmPPevfsz4usQdcF98I80CBlkRyXuUJxWVOPqnt25qDfcJzN28hdA==",
			"engines": {
				"node": ">=16.15.1"
			}
		},
		"node_modules/vscode-uri": {
			"version": "3.0.3",
			"resolved": "https://registry.npmjs.org/vscode-uri/-/vscode-uri-3.0.3.tgz",
			"integrity": "sha512-EcswR2S8bpR7fD0YPeS7r2xXExrScVMxg4MedACaWHEtx9ftCF/qHG1xGkolzTPcEmjTavCQgbVzHUIdTMzFGA=="
		}
	},
	"dependencies": {
		"@vscode/sync-api-client": {
			"version": "0.7.1",
			"resolved": "https://registry.npmjs.org/@vscode/sync-api-client/-/sync-api-client-0.7.1.tgz",
			"integrity": "sha512-D0jUDA3N0EzYwwPErlQtpkM0kOWfJ0crA4i4xE/ygOrhVhbSn2RRFzFq8vh+xAk3lGDkGhVb7+EH1LAgJHp9aQ==",
			"requires": {
				"@vscode/sync-api-common": "0.7.1",
				"vscode-uri": "3.0.3"
			}
		},
		"@vscode/sync-api-common": {
			"version": "0.7.1",
			"resolved": "https://registry.npmjs.org/@vscode/sync-api-common/-/sync-api-common-0.7.1.tgz",
			"integrity": "sha512-Td26BrWTu19dHmf9gH7Gmt4OCMi+G+m2tfmPPevfsz4usQdcF98I80CBlkRyXuUJxWVOPqnt25qDfcJzN28hdA=="
		},
		"vscode-uri": {
			"version": "3.0.3",
			"resolved": "https://registry.npmjs.org/vscode-uri/-/vscode-uri-3.0.3.tgz",
			"integrity": "sha512-EcswR2S8bpR7fD0YPeS7r2xXExrScVMxg4MedACaWHEtx9ftCF/qHG1xGkolzTPcEmjTavCQgbVzHUIdTMzFGA=="
		}
	}
}
