{
	"name": "@vscode/wasm-wasi",
	"version": "0.1.0",
	"lockfileVersion": 2,
	"requires": true,
	"packages": {
		"": {
			"name": "@vscode/wasm-wasi",
			"version": "0.1.0",
			"license": "MIT",
			"dependencies": {
				"@vscode/sync-api-client": "0.5.0",
				"@vscode/sync-api-service": "0.5.0",
				"vscode-uri": "3.0.3"
			},
			"devDependencies": {}
		},
		"node_modules/@vscode/sync-api-client": {
			"version": "0.5.0",
			"resolved": "https://registry.npmjs.org/@vscode/sync-api-client/-/sync-api-client-0.5.0.tgz",
			"integrity": "sha512-Aile5sxkjPnoz9z5Gvg9WKVTZCmnFqNwyCmWwz7lIr0ruKgt/el6tGH+Bry5uD35gAWyW1dPeL1VkJ2WumqQIw==",
			"dependencies": {
				"@vscode/sync-api-common": "0.3.0",
				"vscode-uri": "3.0.3"
			},
			"engines": {
				"node": ">=16.15.1"
			}
		},
		"node_modules/@vscode/sync-api-common": {
			"version": "0.3.0",
			"resolved": "https://registry.npmjs.org/@vscode/sync-api-common/-/sync-api-common-0.3.0.tgz",
			"integrity": "sha512-3brcYBTxtQfD7PKpDrgR793J0LTzT247VvJ0ND2RE29Ryf6xJHAIM8+uGn1pv8p3s3t7WLNB5nty9bGEkH8xuQ==",
			"engines": {
				"node": ">=16.15.1"
			}
		},
		"node_modules/@vscode/sync-api-service": {
			"version": "0.5.0",
			"resolved": "https://registry.npmjs.org/@vscode/sync-api-service/-/sync-api-service-0.5.0.tgz",
			"integrity": "sha512-3xIqqC4TKUvFXtp2xb8LDTVpfmmVwJjtqW0/ZufsLEqeUH0VuFhENhGcr8yleOt5r9otuMzIEVPG+MZGNxSH6g==",
			"dependencies": {
				"@vscode/sync-api-common": "0.3.0",
				"vscode-uri": "3.0.3"
			},
			"engines": {
				"node": ">=16.15.1",
				"vscode": "^1.67.0"
			}
		},
		"node_modules/vscode-uri": {
			"version": "3.0.3",
			"resolved": "https://registry.npmjs.org/vscode-uri/-/vscode-uri-3.0.3.tgz",
			"integrity": "sha512-EcswR2S8bpR7fD0YPeS7r2xXExrScVMxg4MedACaWHEtx9ftCF/qHG1xGkolzTPcEmjTavCQgbVzHUIdTMzFGA=="
		}
	},
	"dependencies": {
		"@vscode/sync-api-client": {
			"version": "0.5.0",
			"resolved": "https://registry.npmjs.org/@vscode/sync-api-client/-/sync-api-client-0.5.0.tgz",
			"integrity": "sha512-Aile5sxkjPnoz9z5Gvg9WKVTZCmnFqNwyCmWwz7lIr0ruKgt/el6tGH+Bry5uD35gAWyW1dPeL1VkJ2WumqQIw==",
			"requires": {
				"@vscode/sync-api-common": "0.3.0",
				"vscode-uri": "3.0.3"
			}
		},
		"@vscode/sync-api-common": {
			"version": "0.3.0",
			"resolved": "https://registry.npmjs.org/@vscode/sync-api-common/-/sync-api-common-0.3.0.tgz",
			"integrity": "sha512-3brcYBTxtQfD7PKpDrgR793J0LTzT247VvJ0ND2RE29Ryf6xJHAIM8+uGn1pv8p3s3t7WLNB5nty9bGEkH8xuQ=="
		},
		"@vscode/sync-api-service": {
			"version": "0.5.0",
			"resolved": "https://registry.npmjs.org/@vscode/sync-api-service/-/sync-api-service-0.5.0.tgz",
			"integrity": "sha512-3xIqqC4TKUvFXtp2xb8LDTVpfmmVwJjtqW0/ZufsLEqeUH0VuFhENhGcr8yleOt5r9otuMzIEVPG+MZGNxSH6g==",
			"requires": {
				"@vscode/sync-api-common": "0.3.0",
				"vscode-uri": "3.0.3"
			}
		},
		"vscode-uri": {
			"version": "3.0.3",
			"resolved": "https://registry.npmjs.org/vscode-uri/-/vscode-uri-3.0.3.tgz",
			"integrity": "sha512-EcswR2S8bpR7fD0YPeS7r2xXExrScVMxg4MedACaWHEtx9ftCF/qHG1xGkolzTPcEmjTavCQgbVzHUIdTMzFGA=="
		}
	}
}
