{
	"name": "wasm-wasi-tests",
	"version": "0.1.0",
	"lockfileVersion": 2,
	"requires": true,
	"packages": {
		"": {
			"name": "wasm-wasi-tests",
			"version": "0.1.0",
			"dependencies": {
				"@vscode/sync-api-client": "0.8.1",
				"@vscode/wasm-wasi": "0.8.2",
				"vscode-uri": "3.0.7"
			},
			"devDependencies": {}
		},
		"../sync-api-client": {
			"name": "@vscode/sync-api-client",
			"version": "0.8.1",
			"license": "MIT",
			"dependencies": {
				"@vscode/sync-api-common": "0.8.1",
				"vscode-uri": "^3.0.6"
			},
			"devDependencies": {},
			"engines": {
				"node": ">=16.14.2"
			}
		},
		"../sync-api-client/node_modules/@vscode/sync-api-common": {
			"version": "0.8.1",
			"license": "MIT",
			"engines": {
				"node": ">=16.14.2"
			}
		},
		"../sync-api-client/node_modules/vscode-uri": {
			"version": "3.0.6",
			"license": "MIT"
		},
		"../wasm-wasi": {
			"name": "@vscode/wasm-wasi",
			"version": "0.8.2",
			"license": "MIT",
			"dependencies": {
				"@vscode/sync-api-client": "0.8.1",
				"vscode-uri": "^3.0.6"
			},
			"devDependencies": {},
			"engines": {
				"vscode": "^1.71.0"
			}
		},
		"../wasm-wasi/node_modules/@vscode/sync-api-client": {
			"version": "0.8.1",
			"license": "MIT",
			"dependencies": {
				"@vscode/sync-api-common": "0.8.1",
				"vscode-uri": "^3.0.6"
			},
			"engines": {
				"node": ">=16.14.2"
			}
		},
		"../wasm-wasi/node_modules/@vscode/sync-api-common": {
			"version": "0.8.1",
			"license": "MIT",
			"engines": {
				"node": ">=16.14.2"
			}
		},
		"../wasm-wasi/node_modules/vscode-uri": {
			"version": "3.0.6",
			"license": "MIT"
		},
		"node_modules/@vscode/sync-api-client": {
			"resolved": "../sync-api-client",
			"link": true
		},
		"node_modules/@vscode/wasm-wasi": {
			"resolved": "../wasm-wasi",
			"link": true
		},
		"node_modules/vscode-uri": {
			"version": "3.0.7",
			"resolved": "https://registry.npmjs.org/vscode-uri/-/vscode-uri-3.0.7.tgz",
			"integrity": "sha512-eOpPHogvorZRobNqJGhapa0JdwaxpjVvyBp0QIUMRMSf8ZAlqOdEquKuRmw9Qwu0qXtJIWqFtMkmvJjUZmMjVA=="
		}
	},
	"dependencies": {
		"@vscode/sync-api-client": {
			"version": "file:../sync-api-client",
			"requires": {
				"@vscode/sync-api-common": "0.8.1",
				"vscode-uri": "^3.0.6"
			},
			"dependencies": {
				"@vscode/sync-api-common": {
					"version": "0.8.1"
				},
				"vscode-uri": {
					"version": "3.0.6"
				}
			}
		},
		"@vscode/wasm-wasi": {
			"version": "file:../wasm-wasi",
			"requires": {
				"@vscode/sync-api-client": "0.8.1",
				"vscode-uri": "^3.0.6"
			},
			"dependencies": {
				"@vscode/sync-api-client": {
					"version": "0.8.1",
					"requires": {
						"@vscode/sync-api-common": "0.8.1",
						"vscode-uri": "^3.0.6"
					}
				},
				"@vscode/sync-api-common": {
					"version": "0.8.1"
				},
				"vscode-uri": {
					"version": "3.0.6"
				}
			}
		},
		"vscode-uri": {
			"version": "3.0.7",
			"resolved": "https://registry.npmjs.org/vscode-uri/-/vscode-uri-3.0.7.tgz",
			"integrity": "sha512-eOpPHogvorZRobNqJGhapa0JdwaxpjVvyBp0QIUMRMSf8ZAlqOdEquKuRmw9Qwu0qXtJIWqFtMkmvJjUZmMjVA=="
		}
	}
}
