{
	"name": "@vscode/wasm-kit",
	"version": "0.1.0-pre.1",
	"lockfileVersion": 3,
	"requires": true,
	"packages": {
		"": {
			"name": "@vscode/wasm-kit",
			"version": "0.1.0-pre.1",
			"license": "MIT",
			"dependencies": {
				"vscode-uri": "^3.1.0"
			},
			"devDependencies": {},
			"engines": {
				"node": ">=18.18.2"
			}
		},
		"../wasm-component-model": {
			"name": "@vscode/wasm-component-model",
			"version": "0.1.0-pre.1",
			"extraneous": true,
			"license": "MIT",
			"dependencies": {
				"yargs": "^17.7.2"
			},
			"bin": {
				"wit2ts": "bin/wit2ts"
			},
			"devDependencies": {
				"@types/yargs": "^17.0.31"
			},
			"engines": {
				"node": ">=18.17.1"
			}
		},
		"node_modules/vscode-uri": {
			"version": "3.1.0",
			"resolved": "https://registry.npmjs.org/vscode-uri/-/vscode-uri-3.1.0.tgz",
			"integrity": "sha512-/BpdSx+yCQGnCvecbyXdxHDkuk55/G3xwnC0GqY4gmQ3j+A+g8kzzgB4Nk/SINjqn6+waqw3EgbVF2QKExkRxQ==",
			"license": "MIT"
		}
	}
}
