{
	"name": "wasm-wasi-kernel",
	"version": "0.0.1",
	"lockfileVersion": 2,
	"requires": true,
	"packages": {
		"": {
			"name": "wasm-wasi-kernel",
			"version": "0.0.1",
			"license": "MIT",
			"dependencies": {
				"vscode-uri": "^3.0.7"
			},
			"devDependencies": {
				"@types/vscode": "1.76.0"
			},
			"engines": {
				"vscode": "^1.76.0"
			}
		},
		"node_modules/@types/vscode": {
			"version": "1.76.0",
			"resolved": "https://registry.npmjs.org/@types/vscode/-/vscode-1.76.0.tgz",
			"integrity": "sha512-CQcY3+Fe5hNewHnOEAVYj4dd1do/QHliXaknAEYSXx2KEHUzFibDZSKptCon+HPgK55xx20pR+PBJjf0MomnBA==",
			"dev": true
		},
		"node_modules/vscode-uri": {
			"version": "3.0.7",
			"resolved": "https://registry.npmjs.org/vscode-uri/-/vscode-uri-3.0.7.tgz",
			"integrity": "sha512-eOpPHogvorZRobNqJGhapa0JdwaxpjVvyBp0QIUMRMSf8ZAlqOdEquKuRmw9Qwu0qXtJIWqFtMkmvJjUZmMjVA=="
		}
	},
	"dependencies": {
		"@types/vscode": {
			"version": "1.76.0",
			"resolved": "https://registry.npmjs.org/@types/vscode/-/vscode-1.76.0.tgz",
			"integrity": "sha512-CQcY3+Fe5hNewHnOEAVYj4dd1do/QHliXaknAEYSXx2KEHUzFibDZSKptCon+HPgK55xx20pR+PBJjf0MomnBA==",
			"dev": true
		},
		"vscode-uri": {
			"version": "3.0.7",
			"resolved": "https://registry.npmjs.org/vscode-uri/-/vscode-uri-3.0.7.tgz",
			"integrity": "sha512-eOpPHogvorZRobNqJGhapa0JdwaxpjVvyBp0QIUMRMSf8ZAlqOdEquKuRmw9Qwu0qXtJIWqFtMkmvJjUZmMjVA=="
		}
	}
}
