{
	"name": "@vscode/wasm-tools",
	"version": "0.1.0",
	"lockfileVersion": 2,
	"requires": true,
	"packages": {
		"": {
			"name": "@vscode/wasm-tools",
			"version": "0.1.0",
			"license": "MIT",
			"devDependencies": {
				"peggy": "^3.0.2"
			}
		},
		"node_modules/commander": {
			"version": "10.0.1",
			"resolved": "https://registry.npmjs.org/commander/-/commander-10.0.1.tgz",
			"integrity": "sha512-y4Mg2tXshplEbSGzx7amzPwKKOCGuoSRP/CjEdwwk0FOGlUbq6lKuoyDZTNZkmxHdJtp54hdfY/JUrdL7Xfdug==",
			"dev": true,
			"engines": {
				"node": ">=14"
			}
		},
		"node_modules/peggy": {
			"version": "3.0.2",
			"resolved": "https://registry.npmjs.org/peggy/-/peggy-3.0.2.tgz",
			"integrity": "sha512-n7chtCbEoGYRwZZ0i/O3t1cPr6o+d9Xx4Zwy2LYfzv0vjchMBU0tO+qYYyvZloBPcgRgzYvALzGWHe609JjEpg==",
			"dev": true,
			"dependencies": {
				"commander": "^10.0.0",
				"source-map-generator": "0.8.0"
			},
			"bin": {
				"peggy": "bin/peggy.js"
			},
			"engines": {
				"node": ">=14"
			}
		},
		"node_modules/source-map-generator": {
			"version": "0.8.0",
			"resolved": "https://registry.npmjs.org/source-map-generator/-/source-map-generator-0.8.0.tgz",
			"integrity": "sha512-psgxdGMwl5MZM9S3FWee4EgsEaIjahYV5AzGnwUvPhWeITz/j6rKpysQHlQ4USdxvINlb8lKfWGIXwfkrgtqkA==",
			"dev": true,
			"engines": {
				"node": ">= 10"
			}
		}
	},
	"dependencies": {
		"commander": {
			"version": "10.0.1",
			"resolved": "https://registry.npmjs.org/commander/-/commander-10.0.1.tgz",
			"integrity": "sha512-y4Mg2tXshplEbSGzx7amzPwKKOCGuoSRP/CjEdwwk0FOGlUbq6lKuoyDZTNZkmxHdJtp54hdfY/JUrdL7Xfdug==",
			"dev": true
		},
		"peggy": {
			"version": "3.0.2",
			"resolved": "https://registry.npmjs.org/peggy/-/peggy-3.0.2.tgz",
			"integrity": "sha512-n7chtCbEoGYRwZZ0i/O3t1cPr6o+d9Xx4Zwy2LYfzv0vjchMBU0tO+qYYyvZloBPcgRgzYvALzGWHe609JjEpg==",
			"dev": true,
			"requires": {
				"commander": "^10.0.0",
				"source-map-generator": "0.8.0"
			}
		},
		"source-map-generator": {
			"version": "0.8.0",
			"resolved": "https://registry.npmjs.org/source-map-generator/-/source-map-generator-0.8.0.tgz",
			"integrity": "sha512-psgxdGMwl5MZM9S3FWee4EgsEaIjahYV5AzGnwUvPhWeITz/j6rKpysQHlQ4USdxvINlb8lKfWGIXwfkrgtqkA==",
			"dev": true
		}
	}
}
