{
	"name": "wasm-testbeds",
	"lockfileVersion": 2,
	"requires": true,
	"packages": {
		"": {
			"name": "wasm-testbeds",
			"hasInstallScript": true,
			"dependencies": {
				"vscode-uri": "3.0.3"
			},
			"devDependencies": {
				"@types/vscode": "^1.67.0"
			}
		},
		"../vscode-sync-api-client": {
			"name": "@vscode/sync-api-client",
			"version": "0.0.1",
			"extraneous": true,
			"license": "MIT",
			"dependencies": {
				"vscode-uri": "3.0.3"
			},
			"devDependencies": {}
		},
		"../vscode-sync-api-common": {
			"name": "@vscode/sync-api-common",
			"version": "0.1.0",
			"extraneous": true,
			"license": "MIT"
		},
		"../vscode-sync-api-service": {
			"name": "@vscode/sync-api-service",
			"version": "0.0.1",
			"extraneous": true,
			"license": "MIT",
			"dependencies": {
				"vscode-uri": "3.0.3"
			},
			"devDependencies": {
				"@types/vscode": "^1.67.0"
			}
		},
		"../wasi": {
			"name": "@vscode/wasi",
			"version": "0.0.1",
			"extraneous": true,
			"license": "MIT",
			"dependencies": {
				"vscode-uri": "3.0.3"
			},
			"devDependencies": {}
		},
		"node_modules/@types/vscode": {
			"version": "1.68.0",
			"dev": true,
			"license": "MIT"
		},
		"node_modules/vscode-uri": {
			"version": "3.0.3",
			"license": "MIT"
		}
	},
	"dependencies": {
		"@types/vscode": {
			"version": "1.68.0",
			"dev": true
		},
		"vscode-uri": {
			"version": "3.0.3"
		}
	}
}
