{
	"name": "wasm-testbeds",
	"lockfileVersion": 2,
	"requires": true,
	"packages": {
		"": {
			"name": "wasm-testbeds",
			"hasInstallScript": true,
			"dependencies": {
				"vscode-uri": "3.0.3"
			},
			"devDependencies": {
				"@types/vscode": "^1.71.0"
			}
		},
		"../sync-api-client": {
			"name": "@vscode/sync-api-client",
			"version": "0.0.1",
			"extraneous": true,
			"license": "MIT",
			"dependencies": {
				"vscode-uri": "3.0.3"
			},
			"devDependencies": {}
		},
		"../sync-api-common": {
			"name": "@vscode/sync-api-common",
			"version": "0.1.0",
			"extraneous": true,
			"license": "MIT"
		},
		"../sync-api-service": {
			"name": "@vscode/sync-api-service",
			"version": "0.0.1",
			"extraneous": true,
			"license": "MIT",
			"dependencies": {
				"vscode-uri": "3.0.3"
			},
			"devDependencies": {
				"@types/vscode": "^1.67.0"
			}
		},
		"../wasi": {
			"name": "@vscode/wasi",
			"version": "0.0.1",
			"extraneous": true,
			"license": "MIT",
			"dependencies": {
				"vscode-uri": "3.0.3"
			},
			"devDependencies": {}
		},
		"node_modules/@types/vscode": {
			"version": "1.71.0",
			"resolved": "https://registry.npmjs.org/@types/vscode/-/vscode-1.71.0.tgz",
			"integrity": "sha512-nB50bBC9H/x2CpwW9FzRRRDrTZ7G0/POttJojvN/LiVfzTGfLyQIje1L1QRMdFXK9G41k5UJN/1B9S4of7CSzA==",
			"dev": true
		},
		"node_modules/vscode-uri": {
			"version": "3.0.3",
			"license": "MIT"
		}
	},
	"dependencies": {
		"@types/vscode": {
			"version": "1.71.0",
			"resolved": "https://registry.npmjs.org/@types/vscode/-/vscode-1.71.0.tgz",
			"integrity": "sha512-nB50bBC9H/x2CpwW9FzRRRDrTZ7G0/POttJojvN/LiVfzTGfLyQIje1L1QRMdFXK9G41k5UJN/1B9S4of7CSzA==",
			"dev": true
		},
		"vscode-uri": {
			"version": "3.0.3"
		}
	}
}
